
Microsoft Visual Studio Solution File, Format Version 12.00
# Visual Studio 15
VisualStudioVersion = 15.0.28307.902
MinimumVisualStudioVersion = 10.0.40219.1
Project("{FAE04EC0-301F-11D3-BF4B-00C04F79EFBC}") = "CallCenter", "CallCenter\CallCenter.csproj", "{03D5AB2D-0565-434D-B8EE-B03406FC2A14}"
EndProject
Global
	GlobalSection(SolutionConfigurationPlatforms) = preSolution
		Debug|Any CPU = Debug|Any CPU
		Release|Any CPU = Release|Any CPU
	EndGlobalSection
	GlobalSection(ProjectConfigurationPlatforms) = postSolution
		{03D5AB2D-0565-434D-B8EE-B03406FC2A14}.Debug|Any CPU.ActiveCfg = Debug|Any CPU
		{03D5AB2D-0565-434D-B8EE-B03406FC2A14}.Debug|Any CPU.Build.0 = Debug|Any CPU
		{03D5AB2D-0565-434D-B8EE-B03406FC2A14}.Release|Any CPU.ActiveCfg = Release|Any CPU
		{03D5AB2D-0565-434D-B8EE-B03406FC2A14}.Release|Any CPU.Build.0 = Release|Any CPU
	EndGlobalSection
	GlobalSection(SolutionProperties) = preSolution
		HideSolutionNode = FALSE
	EndGlobalSection
	GlobalSection(ExtensibilityGlobals) = postSolution
		SolutionGuid = {A9C018DA-7101-4772-89C9-004E5776336E}
	EndGlobalSection
EndGlobal
